
Microsoft Visual Studio Solution File, Format Version 12.00
# Visual Studio Version 16
VisualStudioVersion = 16.0.31424.327
MinimumVisualStudioVersion = 10.0.40219.1
Project("{FAE04EC0-301F-11D3-BF4B-00C04F79EFBC}") = "Store", "Store\Store.csproj", "{5DEF96F9-AD17-4FE6-A145-A32A13025207}"
EndProject
Global
	GlobalSection(SolutionConfigurationPlatforms) = preSolution
		Debug|Any CPU = Debug|Any CPU
		Release|Any CPU = Release|Any CPU
	EndGlobalSection
	GlobalSection(ProjectConfigurationPlatforms) = postSolution
		{5DEF96F9-AD17-4FE6-A145-A32A13025207}.Debug|Any CPU.ActiveCfg = Debug|Any CPU
		{5DEF96F9-AD17-4FE6-A145-A32A13025207}.Debug|Any CPU.Build.0 = Debug|Any CPU
		{5DEF96F9-AD17-4FE6-A145-A32A13025207}.Release|Any CPU.ActiveCfg = Release|Any CPU
		{5DEF96F9-AD17-4FE6-A145-A32A13025207}.Release|Any CPU.Build.0 = Release|Any CPU
	EndGlobalSection
	GlobalSection(SolutionProperties) = preSolution
		HideSolutionNode = FALSE
	EndGlobalSection
	GlobalSection(ExtensibilityGlobals) = postSolution
		SolutionGuid = {538B1174-5537-4400-B925-62ABA3344854}
	EndGlobalSection
EndGlobal
